
Microsoft Visual Studio Solution File, Format Version 12.00
# Visual Studio Version 17
VisualStudioVersion = 17.8.34330.188
MinimumVisualStudioVersion = 10.0.40219.1
Project("{FAE04EC0-301F-11D3-BF4B-00C04F79EFBC}") = "BookLibraryAPIDemo.DomainLayer", "BookLibraryAPIDemo .DomainLayer\BookLibraryAPIDemo.DomainLayer.csproj", "{6798A493-F785-46F2-BC07-D5163D88B961}"
EndProject
Project("{FAE04EC0-301F-11D3-BF4B-00C04F79EFBC}") = "BookLibraryAPIDemo.InfrastructureLayer", "BookLibraryAPIDemo.InfrastructureLayer\BookLibraryAPIDemo.InfrastructureLayer.csproj", "{3802F7A5-08C7-4177-9D03-6D00A99A5827}"
EndProject
Project("{FAE04EC0-301F-11D3-BF4B-00C04F79EFBC}") = "BookLibraryAPIDemo.API", "BookLibraryAPIDemo.API\BookLibraryAPIDemo.API.csproj", "{FFFCB09E-C003-4B48-8AED-2018A60111C2}"
EndProject
Global
	GlobalSection(SolutionConfigurationPlatforms) = preSolution
		Debug|Any CPU = Debug|Any CPU
		Release|Any CPU = Release|Any CPU
	EndGlobalSection
	GlobalSection(ProjectConfigurationPlatforms) = postSolution
		{6798A493-F785-46F2-BC07-D5163D88B961}.Debug|Any CPU.ActiveCfg = Debug|Any CPU
		{6798A493-F785-46F2-BC07-D5163D88B961}.Debug|Any CPU.Build.0 = Debug|Any CPU
		{6798A493-F785-46F2-BC07-D5163D88B961}.Release|Any CPU.ActiveCfg = Release|Any CPU
		{6798A493-F785-46F2-BC07-D5163D88B961}.Release|Any CPU.Build.0 = Release|Any CPU
		{3802F7A5-08C7-4177-9D03-6D00A99A5827}.Debug|Any CPU.ActiveCfg = Debug|Any CPU
		{3802F7A5-08C7-4177-9D03-6D00A99A5827}.Debug|Any CPU.Build.0 = Debug|Any CPU
		{3802F7A5-08C7-4177-9D03-6D00A99A5827}.Release|Any CPU.ActiveCfg = Release|Any CPU
		{3802F7A5-08C7-4177-9D03-6D00A99A5827}.Release|Any CPU.Build.0 = Release|Any CPU
		{FFFCB09E-C003-4B48-8AED-2018A60111C2}.Debug|Any CPU.ActiveCfg = Debug|Any CPU
		{FFFCB09E-C003-4B48-8AED-2018A60111C2}.Debug|Any CPU.Build.0 = Debug|Any CPU
		{FFFCB09E-C003-4B48-8AED-2018A60111C2}.Release|Any CPU.ActiveCfg = Release|Any CPU
		{FFFCB09E-C003-4B48-8AED-2018A60111C2}.Release|Any CPU.Build.0 = Release|Any CPU
	EndGlobalSection
	GlobalSection(SolutionProperties) = preSolution
		HideSolutionNode = FALSE
	EndGlobalSection
	GlobalSection(ExtensibilityGlobals) = postSolution
		SolutionGuid = {9A5E4AC6-D564-468F-883E-766610273073}
	EndGlobalSection
EndGlobal
