
Microsoft Visual Studio Solution File, Format Version 12.00
# Visual Studio Version 17
VisualStudioVersion = 17.8.34330.188
MinimumVisualStudioVersion = 10.0.40219.1
Project("{2150E333-8FDC-42A3-9474-1A3956D46DE8}") = "Core", "Core", "{6DF0B997-C102-4CD2-A6C5-3E3CB023F449}"
EndProject
Project("{2150E333-8FDC-42A3-9474-1A3956D46DE8}") = "Application", "Application", "{98B3DFF2-389E-4EF8-AF5C-11FC68FF247D}"
EndProject
Project("{2150E333-8FDC-42A3-9474-1A3956D46DE8}") = "Domain", "Domain", "{31FB31BD-1784-41B8-A37F-C0D3BF8FD299}"
EndProject
Project("{9A19103F-16F7-4668-BE54-9A1E7A4F7556}") = "BookLibraryAPIDemo.Domain", "Core\Domain\BookLibraryAPIDemo.Domain\BookLibraryAPIDemo.Domain.csproj", "{94E48A7C-D4D0-47EF-8B63-521F3F575F64}"
EndProject
Project("{9A19103F-16F7-4668-BE54-9A1E7A4F7556}") = "BookLibraryAPIDemo.Application", "Core\Application\BookLibraryAPIDemo.Application\BookLibraryAPIDemo.Application.csproj", "{C10ADE03-F706-4A1E-B7BB-14E1D7F396A1}"
EndProject
Project("{2150E333-8FDC-42A3-9474-1A3956D46DE8}") = "Infrastructure", "Infrastructure", "{22405C90-362B-4FBA-9C8D-28CB03D9D0A1}"
EndProject
Project("{9A19103F-16F7-4668-BE54-9A1E7A4F7556}") = "BookLibraryAPIDemo.Infrastructure", "Infrastructure\BookLibraryAPIDemo.Infrastructure\BookLibraryAPIDemo.Infrastructure.csproj", "{618F6DAD-912E-487C-8BB1-623CA61ACD85}"
EndProject
Project("{2150E333-8FDC-42A3-9474-1A3956D46DE8}") = "Presentation", "Presentation", "{D833BCA6-26F5-4086-A327-64093ECD1759}"
EndProject
Project("{9A19103F-16F7-4668-BE54-9A1E7A4F7556}") = "BookLibraryAPIDemo.API", "Presentation\BookLibraryAPIDemo.API\BookLibraryAPIDemo.API.csproj", "{02815239-1459-4BFB-B7AB-777A26D2A5E5}"
EndProject
Global
	GlobalSection(SolutionConfigurationPlatforms) = preSolution
		Debug|Any CPU = Debug|Any CPU
		Release|Any CPU = Release|Any CPU
	EndGlobalSection
	GlobalSection(ProjectConfigurationPlatforms) = postSolution
		{94E48A7C-D4D0-47EF-8B63-521F3F575F64}.Debug|Any CPU.ActiveCfg = Debug|Any CPU
		{94E48A7C-D4D0-47EF-8B63-521F3F575F64}.Debug|Any CPU.Build.0 = Debug|Any CPU
		{94E48A7C-D4D0-47EF-8B63-521F3F575F64}.Release|Any CPU.ActiveCfg = Release|Any CPU
		{94E48A7C-D4D0-47EF-8B63-521F3F575F64}.Release|Any CPU.Build.0 = Release|Any CPU
		{C10ADE03-F706-4A1E-B7BB-14E1D7F396A1}.Debug|Any CPU.ActiveCfg = Debug|Any CPU
		{C10ADE03-F706-4A1E-B7BB-14E1D7F396A1}.Debug|Any CPU.Build.0 = Debug|Any CPU
		{C10ADE03-F706-4A1E-B7BB-14E1D7F396A1}.Release|Any CPU.ActiveCfg = Release|Any CPU
		{C10ADE03-F706-4A1E-B7BB-14E1D7F396A1}.Release|Any CPU.Build.0 = Release|Any CPU
		{618F6DAD-912E-487C-8BB1-623CA61ACD85}.Debug|Any CPU.ActiveCfg = Debug|Any CPU
		{618F6DAD-912E-487C-8BB1-623CA61ACD85}.Debug|Any CPU.Build.0 = Debug|Any CPU
		{618F6DAD-912E-487C-8BB1-623CA61ACD85}.Release|Any CPU.ActiveCfg = Release|Any CPU
		{618F6DAD-912E-487C-8BB1-623CA61ACD85}.Release|Any CPU.Build.0 = Release|Any CPU
		{02815239-1459-4BFB-B7AB-777A26D2A5E5}.Debug|Any CPU.ActiveCfg = Debug|Any CPU
		{02815239-1459-4BFB-B7AB-777A26D2A5E5}.Debug|Any CPU.Build.0 = Debug|Any CPU
		{02815239-1459-4BFB-B7AB-777A26D2A5E5}.Release|Any CPU.ActiveCfg = Release|Any CPU
		{02815239-1459-4BFB-B7AB-777A26D2A5E5}.Release|Any CPU.Build.0 = Release|Any CPU
	EndGlobalSection
	GlobalSection(SolutionProperties) = preSolution
		HideSolutionNode = FALSE
	EndGlobalSection
	GlobalSection(NestedProjects) = preSolution
		{98B3DFF2-389E-4EF8-AF5C-11FC68FF247D} = {6DF0B997-C102-4CD2-A6C5-3E3CB023F449}
		{31FB31BD-1784-41B8-A37F-C0D3BF8FD299} = {6DF0B997-C102-4CD2-A6C5-3E3CB023F449}
		{94E48A7C-D4D0-47EF-8B63-521F3F575F64} = {31FB31BD-1784-41B8-A37F-C0D3BF8FD299}
		{C10ADE03-F706-4A1E-B7BB-14E1D7F396A1} = {98B3DFF2-389E-4EF8-AF5C-11FC68FF247D}
		{618F6DAD-912E-487C-8BB1-623CA61ACD85} = {22405C90-362B-4FBA-9C8D-28CB03D9D0A1}
		{02815239-1459-4BFB-B7AB-777A26D2A5E5} = {D833BCA6-26F5-4086-A327-64093ECD1759}
	EndGlobalSection
	GlobalSection(ExtensibilityGlobals) = postSolution
		SolutionGuid = {9A5E4AC6-D564-468F-883E-766610273073}
	EndGlobalSection
EndGlobal
